
Microsoft Visual Studio Solution File, Format Version 12.00
# Visual Studio Version 17
VisualStudioVersion = 17.8.34309.116
MinimumVisualStudioVersion = 10.0.40219.1
Project("{FAE04EC0-301F-11D3-BF4B-00C04F79EFBC}") = "MonetLeiloesWeb", "MonetLeiloesWeb\MonetLeiloesWeb.csproj", "{C313F75F-70CD-4C00-B583-DE7D4079100D}"
EndProject
Global
	GlobalSection(SolutionConfigurationPlatforms) = preSolution
		Debug|Any CPU = Debug|Any CPU
		Release|Any CPU = Release|Any CPU
	EndGlobalSection
	GlobalSection(ProjectConfigurationPlatforms) = postSolution
		{C313F75F-70CD-4C00-B583-DE7D4079100D}.Debug|Any CPU.ActiveCfg = Debug|Any CPU
		{C313F75F-70CD-4C00-B583-DE7D4079100D}.Debug|Any CPU.Build.0 = Debug|Any CPU
		{C313F75F-70CD-4C00-B583-DE7D4079100D}.Release|Any CPU.ActiveCfg = Release|Any CPU
		{C313F75F-70CD-4C00-B583-DE7D4079100D}.Release|Any CPU.Build.0 = Release|Any CPU
	EndGlobalSection
	GlobalSection(SolutionProperties) = preSolution
		HideSolutionNode = FALSE
	EndGlobalSection
	GlobalSection(ExtensibilityGlobals) = postSolution
		SolutionGuid = {9D2443F7-A864-4B60-AE64-FE111CA96943}
	EndGlobalSection
EndGlobal
