
Microsoft Visual Studio Solution File, Format Version 12.00
# Visual Studio Version 17
VisualStudioVersion = 17.8.34309.116
MinimumVisualStudioVersion = 10.0.40219.1
Project("{FAE04EC0-301F-11D3-BF4B-00C04F79EFBC}") = "LeiloesMonetWeb", "LeiloesMonetWeb\LeiloesMonetWeb.csproj", "{90EEB6B1-764A-4554-9A75-F71CD21CD931}"
EndProject
Global
	GlobalSection(SolutionConfigurationPlatforms) = preSolution
		Debug|Any CPU = Debug|Any CPU
		Release|Any CPU = Release|Any CPU
	EndGlobalSection
	GlobalSection(ProjectConfigurationPlatforms) = postSolution
		{90EEB6B1-764A-4554-9A75-F71CD21CD931}.Debug|Any CPU.ActiveCfg = Debug|Any CPU
		{90EEB6B1-764A-4554-9A75-F71CD21CD931}.Debug|Any CPU.Build.0 = Debug|Any CPU
		{90EEB6B1-764A-4554-9A75-F71CD21CD931}.Release|Any CPU.ActiveCfg = Release|Any CPU
		{90EEB6B1-764A-4554-9A75-F71CD21CD931}.Release|Any CPU.Build.0 = Release|Any CPU
	EndGlobalSection
	GlobalSection(SolutionProperties) = preSolution
		HideSolutionNode = FALSE
	EndGlobalSection
	GlobalSection(ExtensibilityGlobals) = postSolution
		SolutionGuid = {2624FB99-A6FF-4D74-A298-AE1E412B074F}
	EndGlobalSection
EndGlobal
